
Microsoft Visual Studio Solution File, Format Version 12.00
# Visual Studio Version 17
VisualStudioVersion = 17.8.34309.116
MinimumVisualStudioVersion = 10.0.40219.1
Project("{FAE04EC0-301F-11D3-BF4B-00C04F79EFBC}") = "01_CampIntro", "01_CampIntro\01_CampIntro.csproj", "{5E30F014-7D84-4207-9D28-4974B4DBAF38}"
EndProject
Project("{FAE04EC0-301F-11D3-BF4B-00C04F79EFBC}") = "02_Loops", "02_Loops\02_Loops.csproj", "{42539734-176A-422A-809F-FE7232AF38CD}"
EndProject
Project("{FAE04EC0-301F-11D3-BF4B-00C04F79EFBC}") = "03_ClassIntro", "03_ClassIntro\03_ClassIntro.csproj", "{30850E2B-F6C2-4BAC-951A-89BE146A7C43}"
EndProject
Global
	GlobalSection(SolutionConfigurationPlatforms) = preSolution
		Debug|Any CPU = Debug|Any CPU
		Release|Any CPU = Release|Any CPU
	EndGlobalSection
	GlobalSection(ProjectConfigurationPlatforms) = postSolution
		{5E30F014-7D84-4207-9D28-4974B4DBAF38}.Debug|Any CPU.ActiveCfg = Debug|Any CPU
		{5E30F014-7D84-4207-9D28-4974B4DBAF38}.Debug|Any CPU.Build.0 = Debug|Any CPU
		{5E30F014-7D84-4207-9D28-4974B4DBAF38}.Release|Any CPU.ActiveCfg = Release|Any CPU
		{5E30F014-7D84-4207-9D28-4974B4DBAF38}.Release|Any CPU.Build.0 = Release|Any CPU
		{42539734-176A-422A-809F-FE7232AF38CD}.Debug|Any CPU.ActiveCfg = Debug|Any CPU
		{42539734-176A-422A-809F-FE7232AF38CD}.Debug|Any CPU.Build.0 = Debug|Any CPU
		{42539734-176A-422A-809F-FE7232AF38CD}.Release|Any CPU.ActiveCfg = Release|Any CPU
		{42539734-176A-422A-809F-FE7232AF38CD}.Release|Any CPU.Build.0 = Release|Any CPU
		{30850E2B-F6C2-4BAC-951A-89BE146A7C43}.Debug|Any CPU.ActiveCfg = Debug|Any CPU
		{30850E2B-F6C2-4BAC-951A-89BE146A7C43}.Debug|Any CPU.Build.0 = Debug|Any CPU
		{30850E2B-F6C2-4BAC-951A-89BE146A7C43}.Release|Any CPU.ActiveCfg = Release|Any CPU
		{30850E2B-F6C2-4BAC-951A-89BE146A7C43}.Release|Any CPU.Build.0 = Release|Any CPU
	EndGlobalSection
	GlobalSection(SolutionProperties) = preSolution
		HideSolutionNode = FALSE
	EndGlobalSection
	GlobalSection(ExtensibilityGlobals) = postSolution
		SolutionGuid = {CBBA33B7-4CF9-4CFF-B30A-B6211BA0DF5D}
	EndGlobalSection
EndGlobal
