
Microsoft Visual Studio Solution File, Format Version 12.00
# Visual Studio Version 17
VisualStudioVersion = 17.8.34309.116
MinimumVisualStudioVersion = 10.0.40219.1
Project("{9A19103F-16F7-4668-BE54-9A1E7A4F7556}") = "01_CampIntro", "01_CampIntro\01_CampIntro.csproj", "{5E30F014-7D84-4207-9D28-4974B4DBAF38}"
EndProject
Project("{9A19103F-16F7-4668-BE54-9A1E7A4F7556}") = "02_Loops", "02_Loops\02_Loops.csproj", "{42539734-176A-422A-809F-FE7232AF38CD}"
EndProject
Project("{9A19103F-16F7-4668-BE54-9A1E7A4F7556}") = "03_ClassIntro", "03_ClassIntro\03_ClassIntro.csproj", "{30850E2B-F6C2-4BAC-951A-89BE146A7C43}"
EndProject
Project("{9A19103F-16F7-4668-BE54-9A1E7A4F7556}") = "04_Methods", "04_Methods\04_Methods.csproj", "{D0D7B35D-86AC-4637-BC45-A921EABA3023}"
EndProject
Project("{9A19103F-16F7-4668-BE54-9A1E7A4F7556}") = "05_Mathematic", "05_Mathematic\05_Mathematic.csproj", "{440A111A-DA56-480B-B306-5D8397745FCC}"
EndProject
Project("{9A19103F-16F7-4668-BE54-9A1E7A4F7556}") = "06_ValueAndReferenceType", "06_ValueAndReferenceType\06_ValueAndReferenceType.csproj", "{52CFA2F9-129B-4425-9D16-41D9F4A62DA7}"
EndProject
Project("{9A19103F-16F7-4668-BE54-9A1E7A4F7556}") = "07_OOP", "07_OOP\07_OOP.csproj", "{51C3C9BA-C894-4ABA-A22A-23505D76343A}"
EndProject
Project("{FAE04EC0-301F-11D3-BF4B-00C04F79EFBC}") = "08_Collections", "08_Collections\08_Collections.csproj", "{F1F242A1-EC8B-4DFA-8D4A-7E5FE8E6F1C5}"
EndProject
Project("{FAE04EC0-301F-11D3-BF4B-00C04F79EFBC}") = "09_GenericsIntro", "09_GenericsIntro\09_GenericsIntro.csproj", "{E924AD52-111A-426A-97FD-4177B1DD1765}"
EndProject
Project("{FAE04EC0-301F-11D3-BF4B-00C04F79EFBC}") = "09_OOP2", "09_OOP2\09_OOP2.csproj", "{58BF9B8A-03F2-4FD0-BAE9-7365D0773C43}"
EndProject
Project("{FAE04EC0-301F-11D3-BF4B-00C04F79EFBC}") = "10_OOP3", "OOP3\10_OOP3.csproj", "{6D1AF379-B764-4479-B92A-F760A6A4EEBF}"
EndProject
Global
	GlobalSection(SolutionConfigurationPlatforms) = preSolution
		Debug|Any CPU = Debug|Any CPU
		Release|Any CPU = Release|Any CPU
	EndGlobalSection
	GlobalSection(ProjectConfigurationPlatforms) = postSolution
		{5E30F014-7D84-4207-9D28-4974B4DBAF38}.Debug|Any CPU.ActiveCfg = Debug|Any CPU
		{5E30F014-7D84-4207-9D28-4974B4DBAF38}.Debug|Any CPU.Build.0 = Debug|Any CPU
		{5E30F014-7D84-4207-9D28-4974B4DBAF38}.Release|Any CPU.ActiveCfg = Release|Any CPU
		{5E30F014-7D84-4207-9D28-4974B4DBAF38}.Release|Any CPU.Build.0 = Release|Any CPU
		{42539734-176A-422A-809F-FE7232AF38CD}.Debug|Any CPU.ActiveCfg = Debug|Any CPU
		{42539734-176A-422A-809F-FE7232AF38CD}.Debug|Any CPU.Build.0 = Debug|Any CPU
		{42539734-176A-422A-809F-FE7232AF38CD}.Release|Any CPU.ActiveCfg = Release|Any CPU
		{42539734-176A-422A-809F-FE7232AF38CD}.Release|Any CPU.Build.0 = Release|Any CPU
		{30850E2B-F6C2-4BAC-951A-89BE146A7C43}.Debug|Any CPU.ActiveCfg = Debug|Any CPU
		{30850E2B-F6C2-4BAC-951A-89BE146A7C43}.Debug|Any CPU.Build.0 = Debug|Any CPU
		{30850E2B-F6C2-4BAC-951A-89BE146A7C43}.Release|Any CPU.ActiveCfg = Release|Any CPU
		{30850E2B-F6C2-4BAC-951A-89BE146A7C43}.Release|Any CPU.Build.0 = Release|Any CPU
		{D0D7B35D-86AC-4637-BC45-A921EABA3023}.Debug|Any CPU.ActiveCfg = Debug|Any CPU
		{D0D7B35D-86AC-4637-BC45-A921EABA3023}.Debug|Any CPU.Build.0 = Debug|Any CPU
		{D0D7B35D-86AC-4637-BC45-A921EABA3023}.Release|Any CPU.ActiveCfg = Release|Any CPU
		{D0D7B35D-86AC-4637-BC45-A921EABA3023}.Release|Any CPU.Build.0 = Release|Any CPU
		{440A111A-DA56-480B-B306-5D8397745FCC}.Debug|Any CPU.ActiveCfg = Debug|Any CPU
		{440A111A-DA56-480B-B306-5D8397745FCC}.Debug|Any CPU.Build.0 = Debug|Any CPU
		{440A111A-DA56-480B-B306-5D8397745FCC}.Release|Any CPU.ActiveCfg = Release|Any CPU
		{440A111A-DA56-480B-B306-5D8397745FCC}.Release|Any CPU.Build.0 = Release|Any CPU
		{52CFA2F9-129B-4425-9D16-41D9F4A62DA7}.Debug|Any CPU.ActiveCfg = Debug|Any CPU
		{52CFA2F9-129B-4425-9D16-41D9F4A62DA7}.Debug|Any CPU.Build.0 = Debug|Any CPU
		{52CFA2F9-129B-4425-9D16-41D9F4A62DA7}.Release|Any CPU.ActiveCfg = Release|Any CPU
		{52CFA2F9-129B-4425-9D16-41D9F4A62DA7}.Release|Any CPU.Build.0 = Release|Any CPU
		{51C3C9BA-C894-4ABA-A22A-23505D76343A}.Debug|Any CPU.ActiveCfg = Debug|Any CPU
		{51C3C9BA-C894-4ABA-A22A-23505D76343A}.Debug|Any CPU.Build.0 = Debug|Any CPU
		{51C3C9BA-C894-4ABA-A22A-23505D76343A}.Release|Any CPU.ActiveCfg = Release|Any CPU
		{51C3C9BA-C894-4ABA-A22A-23505D76343A}.Release|Any CPU.Build.0 = Release|Any CPU
		{F1F242A1-EC8B-4DFA-8D4A-7E5FE8E6F1C5}.Debug|Any CPU.ActiveCfg = Debug|Any CPU
		{F1F242A1-EC8B-4DFA-8D4A-7E5FE8E6F1C5}.Debug|Any CPU.Build.0 = Debug|Any CPU
		{F1F242A1-EC8B-4DFA-8D4A-7E5FE8E6F1C5}.Release|Any CPU.ActiveCfg = Release|Any CPU
		{F1F242A1-EC8B-4DFA-8D4A-7E5FE8E6F1C5}.Release|Any CPU.Build.0 = Release|Any CPU
		{E924AD52-111A-426A-97FD-4177B1DD1765}.Debug|Any CPU.ActiveCfg = Debug|Any CPU
		{E924AD52-111A-426A-97FD-4177B1DD1765}.Debug|Any CPU.Build.0 = Debug|Any CPU
		{E924AD52-111A-426A-97FD-4177B1DD1765}.Release|Any CPU.ActiveCfg = Release|Any CPU
		{E924AD52-111A-426A-97FD-4177B1DD1765}.Release|Any CPU.Build.0 = Release|Any CPU
		{58BF9B8A-03F2-4FD0-BAE9-7365D0773C43}.Debug|Any CPU.ActiveCfg = Debug|Any CPU
		{58BF9B8A-03F2-4FD0-BAE9-7365D0773C43}.Debug|Any CPU.Build.0 = Debug|Any CPU
		{58BF9B8A-03F2-4FD0-BAE9-7365D0773C43}.Release|Any CPU.ActiveCfg = Release|Any CPU
		{58BF9B8A-03F2-4FD0-BAE9-7365D0773C43}.Release|Any CPU.Build.0 = Release|Any CPU
		{6D1AF379-B764-4479-B92A-F760A6A4EEBF}.Debug|Any CPU.ActiveCfg = Debug|Any CPU
		{6D1AF379-B764-4479-B92A-F760A6A4EEBF}.Debug|Any CPU.Build.0 = Debug|Any CPU
		{6D1AF379-B764-4479-B92A-F760A6A4EEBF}.Release|Any CPU.ActiveCfg = Release|Any CPU
		{6D1AF379-B764-4479-B92A-F760A6A4EEBF}.Release|Any CPU.Build.0 = Release|Any CPU
	EndGlobalSection
	GlobalSection(SolutionProperties) = preSolution
		HideSolutionNode = FALSE
	EndGlobalSection
	GlobalSection(ExtensibilityGlobals) = postSolution
		SolutionGuid = {CBBA33B7-4CF9-4CFF-B30A-B6211BA0DF5D}
	EndGlobalSection
EndGlobal
